
Microsoft Visual Studio Solution File, Format Version 12.00
# Visual Studio 2012
Project("{FAE04EC0-301F-11D3-BF4B-00C04F79EFBC}") = "XmlWebForms", "XmlWebForms\XmlWebForms.csproj", "{4A9D0679-72C5-401B-9782-251150A75F59}"
EndProject
Project("{FAE04EC0-301F-11D3-BF4B-00C04F79EFBC}") = "XmlWebForms.Test", "XmlWebForms.Test\XmlWebForms.Test.csproj", "{DAD079D8-8249-4C23-BE2E-F78C54350FBD}"
EndProject
Project("{FAE04EC0-301F-11D3-BF4B-00C04F79EFBC}") = "Overovac", "Overovac\Overovac.csproj", "{1BAD2117-64C6-4EA5-A803-610EFE4D29A7}"
EndProject
Global
	GlobalSection(SolutionConfigurationPlatforms) = preSolution
		Debug|Any CPU = Debug|Any CPU
		Release|Any CPU = Release|Any CPU
	EndGlobalSection
	GlobalSection(ProjectConfigurationPlatforms) = postSolution
		{4A9D0679-72C5-401B-9782-251150A75F59}.Debug|Any CPU.ActiveCfg = Debug|Any CPU
		{4A9D0679-72C5-401B-9782-251150A75F59}.Debug|Any CPU.Build.0 = Debug|Any CPU
		{4A9D0679-72C5-401B-9782-251150A75F59}.Release|Any CPU.ActiveCfg = Release|Any CPU
		{4A9D0679-72C5-401B-9782-251150A75F59}.Release|Any CPU.Build.0 = Release|Any CPU
		{DAD079D8-8249-4C23-BE2E-F78C54350FBD}.Debug|Any CPU.ActiveCfg = Debug|Any CPU
		{DAD079D8-8249-4C23-BE2E-F78C54350FBD}.Debug|Any CPU.Build.0 = Debug|Any CPU
		{DAD079D8-8249-4C23-BE2E-F78C54350FBD}.Release|Any CPU.ActiveCfg = Release|Any CPU
		{DAD079D8-8249-4C23-BE2E-F78C54350FBD}.Release|Any CPU.Build.0 = Release|Any CPU
		{1BAD2117-64C6-4EA5-A803-610EFE4D29A7}.Debug|Any CPU.ActiveCfg = Debug|Any CPU
		{1BAD2117-64C6-4EA5-A803-610EFE4D29A7}.Debug|Any CPU.Build.0 = Debug|Any CPU
		{1BAD2117-64C6-4EA5-A803-610EFE4D29A7}.Release|Any CPU.ActiveCfg = Release|Any CPU
		{1BAD2117-64C6-4EA5-A803-610EFE4D29A7}.Release|Any CPU.Build.0 = Release|Any CPU
	EndGlobalSection
	GlobalSection(SolutionProperties) = preSolution
		HideSolutionNode = FALSE
	EndGlobalSection
EndGlobal
